
Microsoft Visual Studio Solution File, Format Version 12.00
# Visual Studio Version 17
VisualStudioVersion = 17.2.32630.192
MinimumVisualStudioVersion = 10.0.40219.1
Project("{9A19103F-16F7-4668-BE54-9A1E7A4F7556}") = "BSPConvertLib", "BSPConvertLib\BSPConvertLib.csproj", "{6A369C04-C7A1-4F9C-AA95-C13F81052494}"
EndProject
Project("{9A19103F-16F7-4668-BE54-9A1E7A4F7556}") = "BSPConv", "BSPConvertCmd\BSPConv.csproj", "{BB53D427-9FD9-4CDE-B6C5-03988FA9B5D3}"
EndProject
Global
	GlobalSection(SolutionConfigurationPlatforms) = preSolution
		Debug|Any CPU = Debug|Any CPU
		Release|Any CPU = Release|Any CPU
	EndGlobalSection
	GlobalSection(ProjectConfigurationPlatforms) = postSolution
		{6A369C04-C7A1-4F9C-AA95-C13F81052494}.Debug|Any CPU.ActiveCfg = Debug|Any CPU
		{6A369C04-C7A1-4F9C-AA95-C13F81052494}.Debug|Any CPU.Build.0 = Debug|Any CPU
		{6A369C04-C7A1-4F9C-AA95-C13F81052494}.Release|Any CPU.ActiveCfg = Release|Any CPU
		{6A369C04-C7A1-4F9C-AA95-C13F81052494}.Release|Any CPU.Build.0 = Release|Any CPU
		{BB53D427-9FD9-4CDE-B6C5-03988FA9B5D3}.Debug|Any CPU.ActiveCfg = Debug|Any CPU
		{BB53D427-9FD9-4CDE-B6C5-03988FA9B5D3}.Debug|Any CPU.Build.0 = Debug|Any CPU
		{BB53D427-9FD9-4CDE-B6C5-03988FA9B5D3}.Release|Any CPU.ActiveCfg = Release|Any CPU
		{BB53D427-9FD9-4CDE-B6C5-03988FA9B5D3}.Release|Any CPU.Build.0 = Release|Any CPU
	EndGlobalSection
	GlobalSection(SolutionProperties) = preSolution
		HideSolutionNode = FALSE
	EndGlobalSection
	GlobalSection(ExtensibilityGlobals) = postSolution
		SolutionGuid = {754548DC-6523-4496-9E64-1EA9AB121FD2}
	EndGlobalSection
EndGlobal
